
Microsoft Visual Studio Solution File, Format Version 12.00
# Visual Studio Version 16
VisualStudioVersion = 16.0.31112.23
MinimumVisualStudioVersion = 10.0.40219.1
Project("{888888A0-9F3D-457C-B088-3A5042F75D52}") = "imagedt_2021-11-09", "imagedt_2021-11-09.pyproj", "{3D3D1D28-2A69-4BA4-A150-BD158CFC1B4A}"
EndProject
Global
	GlobalSection(SolutionConfigurationPlatforms) = preSolution
		Debug|Any CPU = Debug|Any CPU
		Release|Any CPU = Release|Any CPU
	EndGlobalSection
	GlobalSection(ProjectConfigurationPlatforms) = postSolution
		{3D3D1D28-2A69-4BA4-A150-BD158CFC1B4A}.Debug|Any CPU.ActiveCfg = Debug|Any CPU
		{3D3D1D28-2A69-4BA4-A150-BD158CFC1B4A}.Release|Any CPU.ActiveCfg = Release|Any CPU
	EndGlobalSection
	GlobalSection(SolutionProperties) = preSolution
		HideSolutionNode = FALSE
	EndGlobalSection
	GlobalSection(ExtensibilityGlobals) = postSolution
		SolutionGuid = {0593D206-05A7-453F-9896-089F60F8D2F3}
	EndGlobalSection
EndGlobal
